
Microsoft Visual Studio Solution File, Format Version 12.00
# Visual Studio Version 16
VisualStudioVersion = 16.0.30611.23
MinimumVisualStudioVersion = 10.0.40219.1
Project("{FAE04EC0-301F-11D3-BF4B-00C04F79EFBC}") = "JarnoMaes_Interfaces", "JarnoMaes_Interfaces\JarnoMaes_Interfaces.csproj", "{FA03545C-B9C0-4113-B8B8-4CCEA500718B}"
EndProject
Global
	GlobalSection(SolutionConfigurationPlatforms) = preSolution
		Debug|Any CPU = Debug|Any CPU
		Release|Any CPU = Release|Any CPU
	EndGlobalSection
	GlobalSection(ProjectConfigurationPlatforms) = postSolution
		{FA03545C-B9C0-4113-B8B8-4CCEA500718B}.Debug|Any CPU.ActiveCfg = Debug|Any CPU
		{FA03545C-B9C0-4113-B8B8-4CCEA500718B}.Debug|Any CPU.Build.0 = Debug|Any CPU
		{FA03545C-B9C0-4113-B8B8-4CCEA500718B}.Release|Any CPU.ActiveCfg = Release|Any CPU
		{FA03545C-B9C0-4113-B8B8-4CCEA500718B}.Release|Any CPU.Build.0 = Release|Any CPU
	EndGlobalSection
	GlobalSection(SolutionProperties) = preSolution
		HideSolutionNode = FALSE
	EndGlobalSection
	GlobalSection(ExtensibilityGlobals) = postSolution
		SolutionGuid = {34A56018-C7F0-41B4-B9A9-ACC17B82EE22}
	EndGlobalSection
EndGlobal
